
Microsoft Visual Studio Solution File, Format Version 12.00
# Visual Studio Version 16
VisualStudioVersion = 16.0.32106.194
MinimumVisualStudioVersion = 10.0.40219.1
Project("{FAE04EC0-301F-11D3-BF4B-00C04F79EFBC}") = "Method_4", "Method_4\Method_4.csproj", "{B02D3C94-BC85-4AEE-BB27-1D6F4C1C2A01}"
EndProject
Global
	GlobalSection(SolutionConfigurationPlatforms) = preSolution
		Debug|Any CPU = Debug|Any CPU
		Release|Any CPU = Release|Any CPU
	EndGlobalSection
	GlobalSection(ProjectConfigurationPlatforms) = postSolution
		{B02D3C94-BC85-4AEE-BB27-1D6F4C1C2A01}.Debug|Any CPU.ActiveCfg = Debug|Any CPU
		{B02D3C94-BC85-4AEE-BB27-1D6F4C1C2A01}.Debug|Any CPU.Build.0 = Debug|Any CPU
		{B02D3C94-BC85-4AEE-BB27-1D6F4C1C2A01}.Release|Any CPU.ActiveCfg = Release|Any CPU
		{B02D3C94-BC85-4AEE-BB27-1D6F4C1C2A01}.Release|Any CPU.Build.0 = Release|Any CPU
	EndGlobalSection
	GlobalSection(SolutionProperties) = preSolution
		HideSolutionNode = FALSE
	EndGlobalSection
	GlobalSection(ExtensibilityGlobals) = postSolution
		SolutionGuid = {AF0BF3D0-A0F1-4174-AC9A-68A349E37CAC}
	EndGlobalSection
EndGlobal
