
Microsoft Visual Studio Solution File, Format Version 12.00
# Visual Studio Version 16
VisualStudioVersion = 16.0.32106.194
MinimumVisualStudioVersion = 10.0.40219.1
Project("{FAE04EC0-301F-11D3-BF4B-00C04F79EFBC}") = "MethodsAndObjects", "MethodsAndObjects\MethodsAndObjects.csproj", "{1AED01B8-CF70-4DFD-A673-BA9D37498163}"
EndProject
Global
	GlobalSection(SolutionConfigurationPlatforms) = preSolution
		Debug|Any CPU = Debug|Any CPU
		Release|Any CPU = Release|Any CPU
	EndGlobalSection
	GlobalSection(ProjectConfigurationPlatforms) = postSolution
		{1AED01B8-CF70-4DFD-A673-BA9D37498163}.Debug|Any CPU.ActiveCfg = Debug|Any CPU
		{1AED01B8-CF70-4DFD-A673-BA9D37498163}.Debug|Any CPU.Build.0 = Debug|Any CPU
		{1AED01B8-CF70-4DFD-A673-BA9D37498163}.Release|Any CPU.ActiveCfg = Release|Any CPU
		{1AED01B8-CF70-4DFD-A673-BA9D37498163}.Release|Any CPU.Build.0 = Release|Any CPU
	EndGlobalSection
	GlobalSection(SolutionProperties) = preSolution
		HideSolutionNode = FALSE
	EndGlobalSection
	GlobalSection(ExtensibilityGlobals) = postSolution
		SolutionGuid = {D33F5A4B-B3B0-4923-A9EB-0CCC9286B9ED}
	EndGlobalSection
EndGlobal
