
Microsoft Visual Studio Solution File, Format Version 12.00
# Visual Studio Version 16
VisualStudioVersion = 16.0.32106.194
MinimumVisualStudioVersion = 10.0.40219.1
Project("{FAE04EC0-301F-11D3-BF4B-00C04F79EFBC}") = "ConsoleAppAssignment", "ConsoleAppAssignment\ConsoleAppAssignment.csproj", "{65E6316F-43C0-41A1-9670-B69DBA223494}"
EndProject
Global
	GlobalSection(SolutionConfigurationPlatforms) = preSolution
		Debug|Any CPU = Debug|Any CPU
		Release|Any CPU = Release|Any CPU
	EndGlobalSection
	GlobalSection(ProjectConfigurationPlatforms) = postSolution
		{65E6316F-43C0-41A1-9670-B69DBA223494}.Debug|Any CPU.ActiveCfg = Debug|Any CPU
		{65E6316F-43C0-41A1-9670-B69DBA223494}.Debug|Any CPU.Build.0 = Debug|Any CPU
		{65E6316F-43C0-41A1-9670-B69DBA223494}.Release|Any CPU.ActiveCfg = Release|Any CPU
		{65E6316F-43C0-41A1-9670-B69DBA223494}.Release|Any CPU.Build.0 = Release|Any CPU
	EndGlobalSection
	GlobalSection(SolutionProperties) = preSolution
		HideSolutionNode = FALSE
	EndGlobalSection
	GlobalSection(ExtensibilityGlobals) = postSolution
		SolutionGuid = {017A0DD9-189B-4B2B-BFAF-55D53D587AA6}
	EndGlobalSection
EndGlobal
