
Microsoft Visual Studio Solution File, Format Version 12.00
# Visual Studio Version 16
VisualStudioVersion = 16.0.32106.194
MinimumVisualStudioVersion = 10.0.40219.1
Project("{FAE04EC0-301F-11D3-BF4B-00C04F79EFBC}") = "PackageExpress", "PackageExpress\PackageExpress.csproj", "{E7BDEEEF-1F2D-47B0-B57D-CA3FEA753762}"
EndProject
Global
	GlobalSection(SolutionConfigurationPlatforms) = preSolution
		Debug|Any CPU = Debug|Any CPU
		Release|Any CPU = Release|Any CPU
	EndGlobalSection
	GlobalSection(ProjectConfigurationPlatforms) = postSolution
		{E7BDEEEF-1F2D-47B0-B57D-CA3FEA753762}.Debug|Any CPU.ActiveCfg = Debug|Any CPU
		{E7BDEEEF-1F2D-47B0-B57D-CA3FEA753762}.Debug|Any CPU.Build.0 = Debug|Any CPU
		{E7BDEEEF-1F2D-47B0-B57D-CA3FEA753762}.Release|Any CPU.ActiveCfg = Release|Any CPU
		{E7BDEEEF-1F2D-47B0-B57D-CA3FEA753762}.Release|Any CPU.Build.0 = Release|Any CPU
	EndGlobalSection
	GlobalSection(SolutionProperties) = preSolution
		HideSolutionNode = FALSE
	EndGlobalSection
	GlobalSection(ExtensibilityGlobals) = postSolution
		SolutionGuid = {31F871C6-DD4A-49E1-9AD4-51D012C27550}
	EndGlobalSection
EndGlobal
